PODS:
  - Flutter (1.0.0)
  - openpay_bbva (1.0.0):
    - Flutter
    - Openpaykit
  - Openpaykit (0.0.5)

DEPENDENCIES:
  - Flutter (from `Flutter`)
  - openpay_bbva (from `.symlinks/plugins/openpay_bbva/ios`)

SPEC REPOS:
  trunk:
    - Openpaykit

EXTERNAL SOURCES:
  Flutter:
    :path: Flutter
  openpay_bbva:
    :path: ".symlinks/plugins/openpay_bbva/ios"

SPEC CHECKSUMS:
  Flutter: e0871f40cf51350855a761d2e70bf5af5b9b5de7
  openpay_bbva: c4933458a8547ce157e6fca71d14bc57ff76a01a
  Openpaykit: bb26f158e75c6a45309887e9b8707b0e659996ed

PODFILE CHECKSUM: 4e8f8b2be68aeea4c0d5beb6ff1e79fface1d048

COCOAPODS: 1.15.2
