PODS:
  - Flutter (1.0.0)
  - openpay_bbva (1.0.0):
    - Flutter
    - Openpaykit
  - Openpaykit (0.0.1)

DEPENDENCIES:
  - Flutter (from `Flutter`)
  - openpay_bbva (from `.symlinks/plugins/openpay_bbva/ios`)

SPEC REPOS:
  trunk:
    - Openpaykit

EXTERNAL SOURCES:
  Flutter:
    :path: Flutter
  openpay_bbva:
    :path: ".symlinks/plugins/openpay_bbva/ios"

SPEC CHECKSUMS:
  Flutter: f04841e97a9d0b0a8025694d0796dd46242b2854
  openpay_bbva: 8b2bd9ae997915ade25e518e23323cd67ea6ef59
  Openpaykit: 10bed6d67b2b8f204dfff94a7e50d9b2d7076d86

PODFILE CHECKSUM: 4e8f8b2be68aeea4c0d5beb6ff1e79fface1d048

COCOAPODS: 1.11.3
